// !$*UTF8*$!
{
	archiveVersion = 1;
	classes = {
	};
	objectVersion = 46;
	objects = {

/* Begin PBXBuildFile section */
		1118E4AC1E64941E00092828 /* UpsalesAPI.swift in Sources */ = {isa = PBXBuildFile; fileRef = 1118E4AB1E64941E00092828 /* UpsalesAPI.swift */; };
		1118E4AD1E64941E00092828 /* UpsalesAPI.swift in Sources */ = {isa = PBXBuildFile; fileRef = 1118E4AB1E64941E00092828 /* UpsalesAPI.swift */; };
		1118E4AE1E64941E00092828 /* UpsalesAPI.swift in Sources */ = {isa = PBXBuildFile; fileRef = 1118E4AB1E64941E00092828 /* UpsalesAPI.swift */; };
		1118E4B01E649DE100092828 /* AccountLocationViewController.swift in Sources */ = {isa = PBXBuildFile; fileRef = 1118E4AF1E649DE100092828 /* AccountLocationViewController.swift */; };
		1118E4B11E649DE100092828 /* AccountLocationViewController.swift in Sources */ = {isa = PBXBuildFile; fileRef = 1118E4AF1E649DE100092828 /* AccountLocationViewController.swift */; };
		1118E4B21E649DE100092828 /* AccountLocationViewController.swift in Sources */ = {isa = PBXBuildFile; fileRef = 1118E4AF1E649DE100092828 /* AccountLocationViewController.swift */; };
		1118E4B41E649E9900092828 /* AccountsViewController.swift in Sources */ = {isa = PBXBuildFile; fileRef = 1118E4B31E649E9900092828 /* AccountsViewController.swift */; };
		1118E4B51E649E9900092828 /* AccountsViewController.swift in Sources */ = {isa = PBXBuildFile; fileRef = 1118E4B31E649E9900092828 /* AccountsViewController.swift */; };
		1118E4B61E649E9900092828 /* AccountsViewController.swift in Sources */ = {isa = PBXBuildFile; fileRef = 1118E4B31E649E9900092828 /* AccountsViewController.swift */; };
		1118E4B91E64A30100092828 /* Upsales.xcdatamodeld in Sources */ = {isa = PBXBuildFile; fileRef = 1118E4B71E64A30100092828 /* Upsales.xcdatamodeld */; };
		1118E4CC1E64F32800092828 /* Upsales.xcdatamodeld in Sources */ = {isa = PBXBuildFile; fileRef = 1118E4B71E64A30100092828 /* Upsales.xcdatamodeld */; };
		1118E4CD1E64F32800092828 /* Upsales.xcdatamodeld in Sources */ = {isa = PBXBuildFile; fileRef = 1118E4B71E64A30100092828 /* Upsales.xcdatamodeld */; };
		1137E5111E4EEB8500DEFE4F /* AppDelegate.swift in Sources */ = {isa = PBXBuildFile; fileRef = 1137E5101E4EEB8500DEFE4F /* AppDelegate.swift */; };
		1137E5131E4EEB8500DEFE4F /* ViewController.swift in Sources */ = {isa = PBXBuildFile; fileRef = 1137E5121E4EEB8500DEFE4F /* ViewController.swift */; };
		1137E5161E4EEB8500DEFE4F /* Main.storyboard in Resources */ = {isa = PBXBuildFile; fileRef = 1137E5141E4EEB8500DEFE4F /* Main.storyboard */; };
		1137E5181E4EEB8500DEFE4F /* Assets.xcassets in Resources */ = {isa = PBXBuildFile; fileRef = 1137E5171E4EEB8500DEFE4F /* Assets.xcassets */; };
		1137E51B1E4EEB8500DEFE4F /* LaunchScreen.storyboard in Resources */ = {isa = PBXBuildFile; fileRef = 1137E5191E4EEB8500DEFE4F /* LaunchScreen.storyboard */; };
		1137E5261E4EEB8500DEFE4F /* UpsalesTestAppTests.swift in Sources */ = {isa = PBXBuildFile; fileRef = 1137E5251E4EEB8500DEFE4F /* UpsalesTestAppTests.swift */; };
		1137E5311E4EEB8500DEFE4F /* UpsalesTestAppUITests.swift in Sources */ = {isa = PBXBuildFile; fileRef = 1137E5301E4EEB8500DEFE4F /* UpsalesTestAppUITests.swift */; };
		114282811E65A98F000A2FFF /* FilterViewController.swift in Sources */ = {isa = PBXBuildFile; fileRef = 114282801E65A98F000A2FFF /* FilterViewController.swift */; };
		114282821E65A98F000A2FFF /* FilterViewController.swift in Sources */ = {isa = PBXBuildFile; fileRef = 114282801E65A98F000A2FFF /* FilterViewController.swift */; };
		114282831E65A98F000A2FFF /* FilterViewController.swift in Sources */ = {isa = PBXBuildFile; fileRef = 114282801E65A98F000A2FFF /* FilterViewController.swift */; };
		117017DE1E66B60F003D09D0 /* Address+CoreDataClass.swift in Sources */ = {isa = PBXBuildFile; fileRef = 117017D81E66B60F003D09D0 /* Address+CoreDataClass.swift */; };
		117017DF1E66B60F003D09D0 /* Address+CoreDataProperties.swift in Sources */ = {isa = PBXBuildFile; fileRef = 117017D91E66B60F003D09D0 /* Address+CoreDataProperties.swift */; };
		117017E01E66B60F003D09D0 /* Client+CoreDataClass.swift in Sources */ = {isa = PBXBuildFile; fileRef = 117017DA1E66B60F003D09D0 /* Client+CoreDataClass.swift */; };
		117017E11E66B60F003D09D0 /* Client+CoreDataProperties.swift in Sources */ = {isa = PBXBuildFile; fileRef = 117017DB1E66B60F003D09D0 /* Client+CoreDataProperties.swift */; };
		117017E21E66B60F003D09D0 /* User+CoreDataClass.swift in Sources */ = {isa = PBXBuildFile; fileRef = 117017DC1E66B60F003D09D0 /* User+CoreDataClass.swift */; };
		117017E31E66B60F003D09D0 /* User+CoreDataProperties.swift in Sources */ = {isa = PBXBuildFile; fileRef = 117017DD1E66B60F003D09D0 /* User+CoreDataProperties.swift */; };
		117017E41E66BE8B003D09D0 /* Address+CoreDataClass.swift in Sources */ = {isa = PBXBuildFile; fileRef = 117017D81E66B60F003D09D0 /* Address+CoreDataClass.swift */; };
		117017E51E66BE8B003D09D0 /* Address+CoreDataProperties.swift in Sources */ = {isa = PBXBuildFile; fileRef = 117017D91E66B60F003D09D0 /* Address+CoreDataProperties.swift */; };
		117017E61E66BE8B003D09D0 /* Client+CoreDataClass.swift in Sources */ = {isa = PBXBuildFile; fileRef = 117017DA1E66B60F003D09D0 /* Client+CoreDataClass.swift */; };
		117017E71E66BE8B003D09D0 /* Client+CoreDataProperties.swift in Sources */ = {isa = PBXBuildFile; fileRef = 117017DB1E66B60F003D09D0 /* Client+CoreDataProperties.swift */; };
		117017E81E66BE8B003D09D0 /* User+CoreDataClass.swift in Sources */ = {isa = PBXBuildFile; fileRef = 117017DC1E66B60F003D09D0 /* User+CoreDataClass.swift */; };
		117017E91E66BE8B003D09D0 /* User+CoreDataProperties.swift in Sources */ = {isa = PBXBuildFile; fileRef = 117017DD1E66B60F003D09D0 /* User+CoreDataProperties.swift */; };
		117017EA1E66BE91003D09D0 /* Address+CoreDataClass.swift in Sources */ = {isa = PBXBuildFile; fileRef = 117017D81E66B60F003D09D0 /* Address+CoreDataClass.swift */; };
		117017EB1E66BE91003D09D0 /* Address+CoreDataProperties.swift in Sources */ = {isa = PBXBuildFile; fileRef = 117017D91E66B60F003D09D0 /* Address+CoreDataProperties.swift */; };
		117017EC1E66BE91003D09D0 /* Client+CoreDataClass.swift in Sources */ = {isa = PBXBuildFile; fileRef = 117017DA1E66B60F003D09D0 /* Client+CoreDataClass.swift */; };
		117017ED1E66BE91003D09D0 /* Client+CoreDataProperties.swift in Sources */ = {isa = PBXBuildFile; fileRef = 117017DB1E66B60F003D09D0 /* Client+CoreDataProperties.swift */; };
		117017EE1E66BE91003D09D0 /* User+CoreDataClass.swift in Sources */ = {isa = PBXBuildFile; fileRef = 117017DC1E66B60F003D09D0 /* User+CoreDataClass.swift */; };
		117017EF1E66BE91003D09D0 /* User+CoreDataProperties.swift in Sources */ = {isa = PBXBuildFile; fileRef = 117017DD1E66B60F003D09D0 /* User+CoreDataProperties.swift */; };
		118166961F04C36B0079E589 /* EsignDetailsViewController.swift in Sources */ = {isa = PBXBuildFile; fileRef = 118166951F04C36B0079E589 /* EsignDetailsViewController.swift */; };
		118166971F04C36B0079E589 /* EsignDetailsViewController.swift in Sources */ = {isa = PBXBuildFile; fileRef = 118166951F04C36B0079E589 /* EsignDetailsViewController.swift */; };
		1181669B1F04D4250079E589 /* EsignRecipient+CoreDataClass.swift in Sources */ = {isa = PBXBuildFile; fileRef = 118166991F04D4250079E589 /* EsignRecipient+CoreDataClass.swift */; };
		1181669C1F04D4250079E589 /* EsignRecipient+CoreDataClass.swift in Sources */ = {isa = PBXBuildFile; fileRef = 118166991F04D4250079E589 /* EsignRecipient+CoreDataClass.swift */; };
		1181669D1F04D4250079E589 /* EsignRecipient+CoreDataClass.swift in Sources */ = {isa = PBXBuildFile; fileRef = 118166991F04D4250079E589 /* EsignRecipient+CoreDataClass.swift */; };
		1181669E1F04D4250079E589 /* EsignRecipient+CoreDataProperties.swift in Sources */ = {isa = PBXBuildFile; fileRef = 1181669A1F04D4250079E589 /* EsignRecipient+CoreDataProperties.swift */; };
		1181669F1F04D4250079E589 /* EsignRecipient+CoreDataProperties.swift in Sources */ = {isa = PBXBuildFile; fileRef = 1181669A1F04D4250079E589 /* EsignRecipient+CoreDataProperties.swift */; };
		118166A01F04D4250079E589 /* EsignRecipient+CoreDataProperties.swift in Sources */ = {isa = PBXBuildFile; fileRef = 1181669A1F04D4250079E589 /* EsignRecipient+CoreDataProperties.swift */; };
		11B699D81F03EA5600C60748 /* EsignsViewController.swift in Sources */ = {isa = PBXBuildFile; fileRef = 11B699D71F03EA5600C60748 /* EsignsViewController.swift */; };
		11B699D91F03EA5600C60748 /* EsignsViewController.swift in Sources */ = {isa = PBXBuildFile; fileRef = 11B699D71F03EA5600C60748 /* EsignsViewController.swift */; };
		11B699E31F03F31E00C60748 /* Esign+CoreDataClass.swift in Sources */ = {isa = PBXBuildFile; fileRef = 11B699E11F03F31E00C60748 /* Esign+CoreDataClass.swift */; };
		11B699E41F03F31E00C60748 /* Esign+CoreDataClass.swift in Sources */ = {isa = PBXBuildFile; fileRef = 11B699E11F03F31E00C60748 /* Esign+CoreDataClass.swift */; };
		11B699E51F03F31E00C60748 /* Esign+CoreDataClass.swift in Sources */ = {isa = PBXBuildFile; fileRef = 11B699E11F03F31E00C60748 /* Esign+CoreDataClass.swift */; };
		11B699E61F03F31E00C60748 /* Esign+CoreDataProperties.swift in Sources */ = {isa = PBXBuildFile; fileRef = 11B699E21F03F31E00C60748 /* Esign+CoreDataProperties.swift */; };
		11B699E71F03F31E00C60748 /* Esign+CoreDataProperties.swift in Sources */ = {isa = PBXBuildFile; fileRef = 11B699E21F03F31E00C60748 /* Esign+CoreDataProperties.swift */; };
		11B699E81F03F31E00C60748 /* Esign+CoreDataProperties.swift in Sources */ = {isa = PBXBuildFile; fileRef = 11B699E21F03F31E00C60748 /* Esign+CoreDataProperties.swift */; };
		322F59F5D856A7AC7FE75304 /* Pods_UpsalesTestAppUITests.framework in Frameworks */ = {isa = PBXBuildFile; fileRef = 89B39B147DD1031371F2C4D4 /* Pods_UpsalesTestAppUITests.framework */; };
		3EAD3EB25ED1DF44463CE600 /* Pods_UpsalesTestAppTests.framework in Frameworks */ = {isa = PBXBuildFile; fileRef = 823C3B9CF4BD92D24900C5FC /* Pods_UpsalesTestAppTests.framework */; };
		4635B4C045040C57166F7167 /* Pods_UpsalesTestApp.framework in Frameworks */ = {isa = PBXBuildFile; fileRef = 26AF93EBED51B74A67FA0F23 /* Pods_UpsalesTestApp.framework */; };
/* End PBXBuildFile section */

/* Begin PBXContainerItemProxy section */
		1137E5221E4EEB8500DEFE4F /* PBXContainerItemProxy */ = {
			isa = PBXContainerItemProxy;
			containerPortal = 1137E5051E4EEB8500DEFE4F /* Project object */;
			proxyType = 1;
			remoteGlobalIDString = 1137E50C1E4EEB8500DEFE4F;
			remoteInfo = UpsalesTestApp;
		};
		1137E52D1E4EEB8500DEFE4F /* PBXContainerItemProxy */ = {
			isa = PBXContainerItemProxy;
			containerPortal = 1137E5051E4EEB8500DEFE4F /* Project object */;
			proxyType = 1;
			remoteGlobalIDString = 1137E50C1E4EEB8500DEFE4F;
			remoteInfo = UpsalesTestApp;
		};
/* End PBXContainerItemProxy section */

/* Begin PBXFileReference section */
		0A87CF2D2605D9DB3FEA2DC4 /* Pods-UpsalesTestApp.debug.xcconfig */ = {isa = PBXFileReference; includeInIndex = 1; lastKnownFileType = text.xcconfig; name = "Pods-UpsalesTestApp.debug.xcconfig"; path = "Pods/Target Support Files/Pods-UpsalesTestApp/Pods-UpsalesTestApp.debug.xcconfig"; sourceTree = "<group>"; };
		1118E4AB1E64941E00092828 /* UpsalesAPI.swift */ = {isa = PBXFileReference; fileEncoding = 4; lastKnownFileType = sourcecode.swift; path = UpsalesAPI.swift; sourceTree = "<group>"; };
		1118E4AF1E649DE100092828 /* AccountLocationViewController.swift */ = {isa = PBXFileReference; fileEncoding = 4; lastKnownFileType = sourcecode.swift; path = AccountLocationViewController.swift; sourceTree = "<group>"; };
		1118E4B31E649E9900092828 /* AccountsViewController.swift */ = {isa = PBXFileReference; fileEncoding = 4; lastKnownFileType = sourcecode.swift; path = AccountsViewController.swift; sourceTree = "<group>"; };
		1118E4B81E64A30100092828 /* Upsales.xcdatamodel */ = {isa = PBXFileReference; lastKnownFileType = wrapper.xcdatamodel; path = Upsales.xcdatamodel; sourceTree = "<group>"; };
		1137E50D1E4EEB8500DEFE4F /* UpsalesTestApp.app */ = {isa = PBXFileReference; explicitFileType = wrapper.application; includeInIndex = 0; path = UpsalesTestApp.app; sourceTree = BUILT_PRODUCTS_DIR; };
		1137E5101E4EEB8500DEFE4F /* AppDelegate.swift */ = {isa = PBXFileReference; lastKnownFileType = sourcecode.swift; path = AppDelegate.swift; sourceTree = "<group>"; };
		1137E5121E4EEB8500DEFE4F /* ViewController.swift */ = {isa = PBXFileReference; lastKnownFileType = sourcecode.swift; path = ViewController.swift; sourceTree = "<group>"; };
		1137E5151E4EEB8500DEFE4F /* Base */ = {isa = PBXFileReference; lastKnownFileType = file.storyboard; name = Base; path = Base.lproj/Main.storyboard; sourceTree = "<group>"; };
		1137E5171E4EEB8500DEFE4F /* Assets.xcassets */ = {isa = PBXFileReference; lastKnownFileType = folder.assetcatalog; path = Assets.xcassets; sourceTree = "<group>"; };
		1137E51A1E4EEB8500DEFE4F /* Base */ = {isa = PBXFileReference; lastKnownFileType = file.storyboard; name = Base; path = Base.lproj/LaunchScreen.storyboard; sourceTree = "<group>"; };
		1137E51C1E4EEB8500DEFE4F /* Info.plist */ = {isa = PBXFileReference; lastKnownFileType = text.plist.xml; path = Info.plist; sourceTree = "<group>"; };
		1137E5211E4EEB8500DEFE4F /* UpsalesTestAppTests.xctest */ = {isa = PBXFileReference; explicitFileType = wrapper.cfbundle; includeInIndex = 0; path = UpsalesTestAppTests.xctest; sourceTree = BUILT_PRODUCTS_DIR; };
		1137E5251E4EEB8500DEFE4F /* UpsalesTestAppTests.swift */ = {isa = PBXFileReference; lastKnownFileType = sourcecode.swift; path = UpsalesTestAppTests.swift; sourceTree = "<group>"; };
		1137E5271E4EEB8500DEFE4F /* Info.plist */ = {isa = PBXFileReference; lastKnownFileType = text.plist.xml; path = Info.plist; sourceTree = "<group>"; };
		1137E52C1E4EEB8500DEFE4F /* UpsalesTestAppUITests.xctest */ = {isa = PBXFileReference; explicitFileType = wrapper.cfbundle; includeInIndex = 0; path = UpsalesTestAppUITests.xctest; sourceTree = BUILT_PRODUCTS_DIR; };
		1137E5301E4EEB8500DEFE4F /* UpsalesTestAppUITests.swift */ = {isa = PBXFileReference; lastKnownFileType = sourcecode.swift; path = UpsalesTestAppUITests.swift; sourceTree = "<group>"; };
		1137E5321E4EEB8500DEFE4F /* Info.plist */ = {isa = PBXFileReference; lastKnownFileType = text.plist.xml; path = Info.plist; sourceTree = "<group>"; };
		114282801E65A98F000A2FFF /* FilterViewController.swift */ = {isa = PBXFileReference; fileEncoding = 4; lastKnownFileType = sourcecode.swift; path = FilterViewController.swift; sourceTree = "<group>"; };
		114282841E65BBB5000A2FFF /* Upsales Feb-28-2017.xcdatamodel */ = {isa = PBXFileReference; lastKnownFileType = wrapper.xcdatamodel; path = "Upsales Feb-28-2017.xcdatamodel"; sourceTree = "<group>"; };
		117017D81E66B60F003D09D0 /* Address+CoreDataClass.swift */ = {isa = PBXFileReference; fileEncoding = 4; lastKnownFileType = sourcecode.swift; path = "Address+CoreDataClass.swift"; sourceTree = "<group>"; };
		117017D91E66B60F003D09D0 /* Address+CoreDataProperties.swift */ = {isa = PBXFileReference; fileEncoding = 4; lastKnownFileType = sourcecode.swift; path = "Address+CoreDataProperties.swift"; sourceTree = "<group>"; };
		117017DA1E66B60F003D09D0 /* Client+CoreDataClass.swift */ = {isa = PBXFileReference; fileEncoding = 4; lastKnownFileType = sourcecode.swift; path = "Client+CoreDataClass.swift"; sourceTree = "<group>"; };
		117017DB1E66B60F003D09D0 /* Client+CoreDataProperties.swift */ = {isa = PBXFileReference; fileEncoding = 4; lastKnownFileType = sourcecode.swift; path = "Client+CoreDataProperties.swift"; sourceTree = "<group>"; };
		117017DC1E66B60F003D09D0 /* User+CoreDataClass.swift */ = {isa = PBXFileReference; fileEncoding = 4; lastKnownFileType = sourcecode.swift; path = "User+CoreDataClass.swift"; sourceTree = "<group>"; };
		117017DD1E66B60F003D09D0 /* User+CoreDataProperties.swift */ = {isa = PBXFileReference; fileEncoding = 4; lastKnownFileType = sourcecode.swift; path = "User+CoreDataProperties.swift"; sourceTree = "<group>"; };
		118166951F04C36B0079E589 /* EsignDetailsViewController.swift */ = {isa = PBXFileReference; fileEncoding = 4; lastKnownFileType = sourcecode.swift; path = EsignDetailsViewController.swift; sourceTree = "<group>"; };
		118166981F04D2410079E589 /* Upsales Jun-29-2017.xcdatamodel */ = {isa = PBXFileReference; lastKnownFileType = wrapper.xcdatamodel; path = "Upsales Jun-29-2017.xcdatamodel"; sourceTree = "<group>"; };
		118166991F04D4250079E589 /* EsignRecipient+CoreDataClass.swift */ = {isa = PBXFileReference; fileEncoding = 4; lastKnownFileType = sourcecode.swift; path = "EsignRecipient+CoreDataClass.swift"; sourceTree = "<group>"; };
		1181669A1F04D4250079E589 /* EsignRecipient+CoreDataProperties.swift */ = {isa = PBXFileReference; fileEncoding = 4; lastKnownFileType = sourcecode.swift; path = "EsignRecipient+CoreDataProperties.swift"; sourceTree = "<group>"; };
		11A50E301E665CD70087A50A /* Upsales Mar-01-2017.xcdatamodel */ = {isa = PBXFileReference; lastKnownFileType = wrapper.xcdatamodel; path = "Upsales Mar-01-2017.xcdatamodel"; sourceTree = "<group>"; };
		11B699D71F03EA5600C60748 /* EsignsViewController.swift */ = {isa = PBXFileReference; fileEncoding = 4; lastKnownFileType = sourcecode.swift; path = EsignsViewController.swift; sourceTree = "<group>"; };
		11B699DA1F03EE2400C60748 /* Upsales Jun-28-2017.xcdatamodel */ = {isa = PBXFileReference; lastKnownFileType = wrapper.xcdatamodel; path = "Upsales Jun-28-2017.xcdatamodel"; sourceTree = "<group>"; };
		11B699E11F03F31E00C60748 /* Esign+CoreDataClass.swift */ = {isa = PBXFileReference; fileEncoding = 4; lastKnownFileType = sourcecode.swift; path = "Esign+CoreDataClass.swift"; sourceTree = "<group>"; };
		11B699E21F03F31E00C60748 /* Esign+CoreDataProperties.swift */ = {isa = PBXFileReference; fileEncoding = 4; lastKnownFileType = sourcecode.swift; path = "Esign+CoreDataProperties.swift"; sourceTree = "<group>"; };
		11B699E91F04001600C60748 /* UpsalesTestApp-Bridging-Header.h */ = {isa = PBXFileReference; lastKnownFileType = sourcecode.c.h; path = "UpsalesTestApp-Bridging-Header.h"; sourceTree = "<group>"; };
		11B699EA1F04001600C60748 /* UpsalesTestAppTests-Bridging-Header.h */ = {isa = PBXFileReference; lastKnownFileType = sourcecode.c.h; path = "UpsalesTestAppTests-Bridging-Header.h"; sourceTree = "<group>"; };
		11B699EB1F04001600C60748 /* UpsalesTestAppUITests-Bridging-Header.h */ = {isa = PBXFileReference; lastKnownFileType = sourcecode.c.h; path = "UpsalesTestAppUITests-Bridging-Header.h"; sourceTree = "<group>"; };
		26AF93EBED51B74A67FA0F23 /* Pods_UpsalesTestApp.framework */ = {isa = PBXFileReference; explicitFileType = wrapper.framework; includeInIndex = 0; path = Pods_UpsalesTestApp.framework; sourceTree = BUILT_PRODUCTS_DIR; };
		2DD70A3E8564D1DEE0AFA546 /* Pods-UpsalesTestAppUITests.release.xcconfig */ = {isa = PBXFileReference; includeInIndex = 1; lastKnownFileType = text.xcconfig; name = "Pods-UpsalesTestAppUITests.release.xcconfig"; path = "Pods/Target Support Files/Pods-UpsalesTestAppUITests/Pods-UpsalesTestAppUITests.release.xcconfig"; sourceTree = "<group>"; };
		39A85006BC88EE2E14571145 /* Pods-UpsalesTestApp.release.xcconfig */ = {isa = PBXFileReference; includeInIndex = 1; lastKnownFileType = text.xcconfig; name = "Pods-UpsalesTestApp.release.xcconfig"; path = "Pods/Target Support Files/Pods-UpsalesTestApp/Pods-UpsalesTestApp.release.xcconfig"; sourceTree = "<group>"; };
		47F9A1FF930875247887C4E9 /* Pods-UpsalesTestAppTests.debug.xcconfig */ = {isa = PBXFileReference; includeInIndex = 1; lastKnownFileType = text.xcconfig; name = "Pods-UpsalesTestAppTests.debug.xcconfig"; path = "Pods/Target Support Files/Pods-UpsalesTestAppTests/Pods-UpsalesTestAppTests.debug.xcconfig"; sourceTree = "<group>"; };
		823C3B9CF4BD92D24900C5FC /* Pods_UpsalesTestAppTests.framework */ = {isa = PBXFileReference; explicitFileType = wrapper.framework; includeInIndex = 0; path = Pods_UpsalesTestAppTests.framework; sourceTree = BUILT_PRODUCTS_DIR; };
		86CE01977A8BB493C7FE637B /* Pods-UpsalesTestAppUITests.debug.xcconfig */ = {isa = PBXFileReference; includeInIndex = 1; lastKnownFileType = text.xcconfig; name = "Pods-UpsalesTestAppUITests.debug.xcconfig"; path = "Pods/Target Support Files/Pods-UpsalesTestAppUITests/Pods-UpsalesTestAppUITests.debug.xcconfig"; sourceTree = "<group>"; };
		89B39B147DD1031371F2C4D4 /* Pods_UpsalesTestAppUITests.framework */ = {isa = PBXFileReference; explicitFileType = wrapper.framework; includeInIndex = 0; path = Pods_UpsalesTestAppUITests.framework; sourceTree = BUILT_PRODUCTS_DIR; };
		EA50F3A37E605BC34359EA2A /* Pods-UpsalesTestAppTests.release.xcconfig */ = {isa = PBXFileReference; includeInIndex = 1; lastKnownFileType = text.xcconfig; name = "Pods-UpsalesTestAppTests.release.xcconfig"; path = "Pods/Target Support Files/Pods-UpsalesTestAppTests/Pods-UpsalesTestAppTests.release.xcconfig"; sourceTree = "<group>"; };
/* End PBXFileReference section */

/* Begin PBXFrameworksBuildPhase section */
		1137E50A1E4EEB8500DEFE4F /* Frameworks */ = {
			isa = PBXFrameworksBuildPhase;
			buildActionMask = 2147483647;
			files = (
				4635B4C045040C57166F7167 /* Pods_UpsalesTestApp.framework in Frameworks */,
			);
			runOnlyForDeploymentPostprocessing = 0;
		};
		1137E51E1E4EEB8500DEFE4F /* Frameworks */ = {
			isa = PBXFrameworksBuildPhase;
			buildActionMask = 2147483647;
			files = (
				3EAD3EB25ED1DF44463CE600 /* Pods_UpsalesTestAppTests.framework in Frameworks */,
			);
			runOnlyForDeploymentPostprocessing = 0;
		};
		1137E5291E4EEB8500DEFE4F /* Frameworks */ = {
			isa = PBXFrameworksBuildPhase;
			buildActionMask = 2147483647;
			files = (
				322F59F5D856A7AC7FE75304 /* Pods_UpsalesTestAppUITests.framework in Frameworks */,
			);
			runOnlyForDeploymentPostprocessing = 0;
		};
/* End PBXFrameworksBuildPhase section */

/* Begin PBXGroup section */
		1118E4A71E6493DC00092828 /* Model */ = {
			isa = PBXGroup;
			children = (
				117017D81E66B60F003D09D0 /* Address+CoreDataClass.swift */,
				117017D91E66B60F003D09D0 /* Address+CoreDataProperties.swift */,
				117017DA1E66B60F003D09D0 /* Client+CoreDataClass.swift */,
				117017DB1E66B60F003D09D0 /* Client+CoreDataProperties.swift */,
				11B699E11F03F31E00C60748 /* Esign+CoreDataClass.swift */,
				11B699E21F03F31E00C60748 /* Esign+CoreDataProperties.swift */,
				118166991F04D4250079E589 /* EsignRecipient+CoreDataClass.swift */,
				1181669A1F04D4250079E589 /* EsignRecipient+CoreDataProperties.swift */,
				1118E4B71E64A30100092828 /* Upsales.xcdatamodeld */,
				117017DC1E66B60F003D09D0 /* User+CoreDataClass.swift */,
				117017DD1E66B60F003D09D0 /* User+CoreDataProperties.swift */,
			);
			name = Model;
			sourceTree = "<group>";
		};
		1118E4A81E6493E300092828 /* View */ = {
			isa = PBXGroup;
			children = (
				1137E5141E4EEB8500DEFE4F /* Main.storyboard */,
				1137E5191E4EEB8500DEFE4F /* LaunchScreen.storyboard */,
			);
			name = View;
			sourceTree = "<group>";
		};
		1118E4A91E6493E900092828 /* Controller */ = {
			isa = PBXGroup;
			children = (
				1118E4AF1E649DE100092828 /* AccountLocationViewController.swift */,
				1118E4B31E649E9900092828 /* AccountsViewController.swift */,
				118166951F04C36B0079E589 /* EsignDetailsViewController.swift */,
				11B699D71F03EA5600C60748 /* EsignsViewController.swift */,
				114282801E65A98F000A2FFF /* FilterViewController.swift */,
			);
			name = Controller;
			sourceTree = "<group>";
		};
		1118E4AA1E6493FC00092828 /* API */ = {
			isa = PBXGroup;
			children = (
				1118E4AB1E64941E00092828 /* UpsalesAPI.swift */,
			);
			name = API;
			sourceTree = "<group>";
		};
		1137E5041E4EEB8500DEFE4F = {
			isa = PBXGroup;
			children = (
				1137E50F1E4EEB8500DEFE4F /* UpsalesTestApp */,
				1137E5241E4EEB8500DEFE4F /* UpsalesTestAppTests */,
				1137E52F1E4EEB8500DEFE4F /* UpsalesTestAppUITests */,
				1137E50E1E4EEB8500DEFE4F /* Products */,
				D5EBEC9626C92E88A7281F67 /* Pods */,
				CDB2D2713DABECEE91AE3115 /* Frameworks */,
			);
			sourceTree = "<group>";
		};
		1137E50E1E4EEB8500DEFE4F /* Products */ = {
			isa = PBXGroup;
			children = (
				1137E50D1E4EEB8500DEFE4F /* UpsalesTestApp.app */,
				1137E5211E4EEB8500DEFE4F /* UpsalesTestAppTests.xctest */,
				1137E52C1E4EEB8500DEFE4F /* UpsalesTestAppUITests.xctest */,
			);
			name = Products;
			sourceTree = "<group>";
		};
		1137E50F1E4EEB8500DEFE4F /* UpsalesTestApp */ = {
			isa = PBXGroup;
			children = (
				1118E4AA1E6493FC00092828 /* API */,
				1137E5101E4EEB8500DEFE4F /* AppDelegate.swift */,
				1137E5171E4EEB8500DEFE4F /* Assets.xcassets */,
				1118E4A91E6493E900092828 /* Controller */,
				1137E51C1E4EEB8500DEFE4F /* Info.plist */,
				1118E4A71E6493DC00092828 /* Model */,
				1118E4A81E6493E300092828 /* View */,
				1137E5121E4EEB8500DEFE4F /* ViewController.swift */,
				11B699E91F04001600C60748 /* UpsalesTestApp-Bridging-Header.h */,
				11B699EA1F04001600C60748 /* UpsalesTestAppTests-Bridging-Header.h */,
				11B699EB1F04001600C60748 /* UpsalesTestAppUITests-Bridging-Header.h */,
			);
			path = UpsalesTestApp;
			sourceTree = "<group>";
		};
		1137E5241E4EEB8500DEFE4F /* UpsalesTestAppTests */ = {
			isa = PBXGroup;
			children = (
				1137E5251E4EEB8500DEFE4F /* UpsalesTestAppTests.swift */,
				1137E5271E4EEB8500DEFE4F /* Info.plist */,
			);
			path = UpsalesTestAppTests;
			sourceTree = "<group>";
		};
		1137E52F1E4EEB8500DEFE4F /* UpsalesTestAppUITests */ = {
			isa = PBXGroup;
			children = (
				1137E5301E4EEB8500DEFE4F /* UpsalesTestAppUITests.swift */,
				1137E5321E4EEB8500DEFE4F /* Info.plist */,
			);
			path = UpsalesTestAppUITests;
			sourceTree = "<group>";
		};
		CDB2D2713DABECEE91AE3115 /* Frameworks */ = {
			isa = PBXGroup;
			children = (
				26AF93EBED51B74A67FA0F23 /* Pods_UpsalesTestApp.framework */,
				823C3B9CF4BD92D24900C5FC /* Pods_UpsalesTestAppTests.framework */,
				89B39B147DD1031371F2C4D4 /* Pods_UpsalesTestAppUITests.framework */,
			);
			name = Frameworks;
			sourceTree = "<group>";
		};
		D5EBEC9626C92E88A7281F67 /* Pods */ = {
			isa = PBXGroup;
			children = (
				0A87CF2D2605D9DB3FEA2DC4 /* Pods-UpsalesTestApp.debug.xcconfig */,
				39A85006BC88EE2E14571145 /* Pods-UpsalesTestApp.release.xcconfig */,
				47F9A1FF930875247887C4E9 /* Pods-UpsalesTestAppTests.debug.xcconfig */,
				EA50F3A37E605BC34359EA2A /* Pods-UpsalesTestAppTests.release.xcconfig */,
				86CE01977A8BB493C7FE637B /* Pods-UpsalesTestAppUITests.debug.xcconfig */,
				2DD70A3E8564D1DEE0AFA546 /* Pods-UpsalesTestAppUITests.release.xcconfig */,
			);
			name = Pods;
			sourceTree = "<group>";
		};
/* End PBXGroup section */

/* Begin PBXNativeTarget section */
		1137E50C1E4EEB8500DEFE4F /* UpsalesTestApp */ = {
			isa = PBXNativeTarget;
			buildConfigurationList = 1137E5351E4EEB8500DEFE4F /* Build configuration list for PBXNativeTarget "UpsalesTestApp" */;
			buildPhases = (
				F9C6074275EA58AA3563B1FF /* [CP] Check Pods Manifest.lock */,
				1137E5091E4EEB8500DEFE4F /* Sources */,
				1137E50A1E4EEB8500DEFE4F /* Frameworks */,
				1137E50B1E4EEB8500DEFE4F /* Resources */,
				E103BBC4AA068D1B6ED5379A /* [CP] Embed Pods Frameworks */,
				3054AF651DDE3B37C6E91585 /* [CP] Copy Pods Resources */,
			);
			buildRules = (
			);
			dependencies = (
			);
			name = UpsalesTestApp;
			productName = UpsalesTestApp;
			productReference = 1137E50D1E4EEB8500DEFE4F /* UpsalesTestApp.app */;
			productType = "com.apple.product-type.application";
		};
		1137E5201E4EEB8500DEFE4F /* UpsalesTestAppTests */ = {
			isa = PBXNativeTarget;
			buildConfigurationList = 1137E5381E4EEB8500DEFE4F /* Build configuration list for PBXNativeTarget "UpsalesTestAppTests" */;
			buildPhases = (
				B35005DFECFCF85E948E072B /* [CP] Check Pods Manifest.lock */,
				1137E51D1E4EEB8500DEFE4F /* Sources */,
				1137E51E1E4EEB8500DEFE4F /* Frameworks */,
				1137E51F1E4EEB8500DEFE4F /* Resources */,
				EED682A76CD32E84D37EA1DD /* [CP] Embed Pods Frameworks */,
				085E5D69E59238B29B14F271 /* [CP] Copy Pods Resources */,
			);
			buildRules = (
			);
			dependencies = (
				1137E5231E4EEB8500DEFE4F /* PBXTargetDependency */,
			);
			name = UpsalesTestAppTests;
			productName = UpsalesTestAppTests;
			productReference = 1137E5211E4EEB8500DEFE4F /* UpsalesTestAppTests.xctest */;
			productType = "com.apple.product-type.bundle.unit-test";
		};
		1137E52B1E4EEB8500DEFE4F /* UpsalesTestAppUITests */ = {
			isa = PBXNativeTarget;
			buildConfigurationList = 1137E53B1E4EEB8500DEFE4F /* Build configuration list for PBXNativeTarget "UpsalesTestAppUITests" */;
			buildPhases = (
				A908CE372FBD7AD41F416540 /* [CP] Check Pods Manifest.lock */,
				1137E5281E4EEB8500DEFE4F /* Sources */,
				1137E5291E4EEB8500DEFE4F /* Frameworks */,
				1137E52A1E4EEB8500DEFE4F /* Resources */,
				FA0BFCC25FFE97780FCA13C3 /* [CP] Embed Pods Frameworks */,
				4C1F11949160CEC6F23EDA48 /* [CP] Copy Pods Resources */,
			);
			buildRules = (
			);
			dependencies = (
				1137E52E1E4EEB8500DEFE4F /* PBXTargetDependency */,
			);
			name = UpsalesTestAppUITests;
			productName = UpsalesTestAppUITests;
			productReference = 1137E52C1E4EEB8500DEFE4F /* UpsalesTestAppUITests.xctest */;
			productType = "com.apple.product-type.bundle.ui-testing";
		};
/* End PBXNativeTarget section */

/* Begin PBXProject section */
		1137E5051E4EEB8500DEFE4F /* Project object */ = {
			isa = PBXProject;
			attributes = {
				LastSwiftUpdateCheck = 0820;
				LastUpgradeCheck = 0820;
				ORGANIZATIONNAME = "Jovito Royeca";
				TargetAttributes = {
					1137E50C1E4EEB8500DEFE4F = {
						CreatedOnToolsVersion = 8.2;
						LastSwiftMigration = 0830;
						ProvisioningStyle = Automatic;
					};
					1137E5201E4EEB8500DEFE4F = {
						CreatedOnToolsVersion = 8.2;
						LastSwiftMigration = 0830;
						ProvisioningStyle = Automatic;
						TestTargetID = 1137E50C1E4EEB8500DEFE4F;
					};
					1137E52B1E4EEB8500DEFE4F = {
						CreatedOnToolsVersion = 8.2;
						LastSwiftMigration = 0830;
						ProvisioningStyle = Automatic;
						TestTargetID = 1137E50C1E4EEB8500DEFE4F;
					};
				};
			};
			buildConfigurationList = 1137E5081E4EEB8500DEFE4F /* Build configuration list for PBXProject "UpsalesTestApp" */;
			compatibilityVersion = "Xcode 3.2";
			developmentRegion = English;
			hasScannedForEncodings = 0;
			knownRegions = (
				en,
				Base,
			);
			mainGroup = 1137E5041E4EEB8500DEFE4F;
			productRefGroup = 1137E50E1E4EEB8500DEFE4F /* Products */;
			projectDirPath = "";
			projectRoot = "";
			targets = (
				1137E50C1E4EEB8500DEFE4F /* UpsalesTestApp */,
				1137E5201E4EEB8500DEFE4F /* UpsalesTestAppTests */,
				1137E52B1E4EEB8500DEFE4F /* UpsalesTestAppUITests */,
			);
		};
/* End PBXProject section */

/* Begin PBXResourcesBuildPhase section */
		1137E50B1E4EEB8500DEFE4F /* Resources */ = {
			isa = PBXResourcesBuildPhase;
			buildActionMask = 2147483647;
			files = (
				1137E51B1E4EEB8500DEFE4F /* LaunchScreen.storyboard in Resources */,
				1137E5181E4EEB8500DEFE4F /* Assets.xcassets in Resources */,
				1137E5161E4EEB8500DEFE4F /* Main.storyboard in Resources */,
			);
			runOnlyForDeploymentPostprocessing = 0;
		};
		1137E51F1E4EEB8500DEFE4F /* Resources */ = {
			isa = PBXResourcesBuildPhase;
			buildActionMask = 2147483647;
			files = (
			);
			runOnlyForDeploymentPostprocessing = 0;
		};
		1137E52A1E4EEB8500DEFE4F /* Resources */ = {
			isa = PBXResourcesBuildPhase;
			buildActionMask = 2147483647;
			files = (
			);
			runOnlyForDeploymentPostprocessing = 0;
		};
/* End PBXResourcesBuildPhase section */

/* Begin PBXShellScriptBuildPhase section */
		085E5D69E59238B29B14F271 /* [CP] Copy Pods Resources */ = {
			isa = PBXShellScriptBuildPhase;
			buildActionMask = 2147483647;
			files = (
			);
			inputPaths = (
			);
			name = "[CP] Copy Pods Resources";
			outputPaths = (
			);
			runOnlyForDeploymentPostprocessing = 0;
			shellPath = /bin/sh;
			shellScript = "\"${SRCROOT}/Pods/Target Support Files/Pods-UpsalesTestAppTests/Pods-UpsalesTestAppTests-resources.sh\"\n";
			showEnvVarsInLog = 0;
		};
		3054AF651DDE3B37C6E91585 /* [CP] Copy Pods Resources */ = {
			isa = PBXShellScriptBuildPhase;
			buildActionMask = 2147483647;
			files = (
			);
			inputPaths = (
			);
			name = "[CP] Copy Pods Resources";
			outputPaths = (
			);
			runOnlyForDeploymentPostprocessing = 0;
			shellPath = /bin/sh;
			shellScript = "\"${SRCROOT}/Pods/Target Support Files/Pods-UpsalesTestApp/Pods-UpsalesTestApp-resources.sh\"\n";
			showEnvVarsInLog = 0;
		};
		4C1F11949160CEC6F23EDA48 /* [CP] Copy Pods Resources */ = {
			isa = PBXShellScriptBuildPhase;
			buildActionMask = 2147483647;
			files = (
			);
			inputPaths = (
			);
			name = "[CP] Copy Pods Resources";
			outputPaths = (
			);
			runOnlyForDeploymentPostprocessing = 0;
			shellPath = /bin/sh;
			shellScript = "\"${SRCROOT}/Pods/Target Support Files/Pods-UpsalesTestAppUITests/Pods-UpsalesTestAppUITests-resources.sh\"\n";
			showEnvVarsInLog = 0;
		};
		A908CE372FBD7AD41F416540 /* [CP] Check Pods Manifest.lock */ = {
			isa = PBXShellScriptBuildPhase;
			buildActionMask = 2147483647;
			files = (
			);
			inputPaths = (
			);
			name = "[CP] Check Pods Manifest.lock";
			outputPaths = (
			);
			runOnlyForDeploymentPostprocessing = 0;
			shellPath = /bin/sh;
			shellScript = "diff \"${PODS_ROOT}/../Podfile.lock\" \"${PODS_ROOT}/Manifest.lock\" > /dev/null\nif [ $? != 0 ] ; then\n    # print error to STDERR\n    echo \"error: The sandbox is not in sync with the Podfile.lock. Run 'pod install' or update your CocoaPods installation.\" >&2\n    exit 1\nfi\n";
			showEnvVarsInLog = 0;
		};
		B35005DFECFCF85E948E072B /* [CP] Check Pods Manifest.lock */ = {
			isa = PBXShellScriptBuildPhase;
			buildActionMask = 2147483647;
			files = (
			);
			inputPaths = (
			);
			name = "[CP] Check Pods Manifest.lock";
			outputPaths = (
			);
			runOnlyForDeploymentPostprocessing = 0;
			shellPath = /bin/sh;
			shellScript = "diff \"${PODS_ROOT}/../Podfile.lock\" \"${PODS_ROOT}/Manifest.lock\" > /dev/null\nif [ $? != 0 ] ; then\n    # print error to STDERR\n    echo \"error: The sandbox is not in sync with the Podfile.lock. Run 'pod install' or update your CocoaPods installation.\" >&2\n    exit 1\nfi\n";
			showEnvVarsInLog = 0;
		};
		E103BBC4AA068D1B6ED5379A /* [CP] Embed Pods Frameworks */ = {
			isa = PBXShellScriptBuildPhase;
			buildActionMask = 2147483647;
			files = (
			);
			inputPaths = (
			);
			name = "[CP] Embed Pods Frameworks";
			outputPaths = (
			);
			runOnlyForDeploymentPostprocessing = 0;
			shellPath = /bin/sh;
			shellScript = "\"${SRCROOT}/Pods/Target Support Files/Pods-UpsalesTestApp/Pods-UpsalesTestApp-frameworks.sh\"\n";
			showEnvVarsInLog = 0;
		};
		EED682A76CD32E84D37EA1DD /* [CP] Embed Pods Frameworks */ = {
			isa = PBXShellScriptBuildPhase;
			buildActionMask = 2147483647;
			files = (
			);
			inputPaths = (
			);
			name = "[CP] Embed Pods Frameworks";
			outputPaths = (
			);
			runOnlyForDeploymentPostprocessing = 0;
			shellPath = /bin/sh;
			shellScript = "\"${SRCROOT}/Pods/Target Support Files/Pods-UpsalesTestAppTests/Pods-UpsalesTestAppTests-frameworks.sh\"\n";
			showEnvVarsInLog = 0;
		};
		F9C6074275EA58AA3563B1FF /* [CP] Check Pods Manifest.lock */ = {
			isa = PBXShellScriptBuildPhase;
			buildActionMask = 2147483647;
			files = (
			);
			inputPaths = (
			);
			name = "[CP] Check Pods Manifest.lock";
			outputPaths = (
			);
			runOnlyForDeploymentPostprocessing = 0;
			shellPath = /bin/sh;
			shellScript = "diff \"${PODS_ROOT}/../Podfile.lock\" \"${PODS_ROOT}/Manifest.lock\" > /dev/null\nif [ $? != 0 ] ; then\n    # print error to STDERR\n    echo \"error: The sandbox is not in sync with the Podfile.lock. Run 'pod install' or update your CocoaPods installation.\" >&2\n    exit 1\nfi\n";
			showEnvVarsInLog = 0;
		};
		FA0BFCC25FFE97780FCA13C3 /* [CP] Embed Pods Frameworks */ = {
			isa = PBXShellScriptBuildPhase;
			buildActionMask = 2147483647;
			files = (
			);
			inputPaths = (
			);
			name = "[CP] Embed Pods Frameworks";
			outputPaths = (
			);
			runOnlyForDeploymentPostprocessing = 0;
			shellPath = /bin/sh;
			shellScript = "\"${SRCROOT}/Pods/Target Support Files/Pods-UpsalesTestAppUITests/Pods-UpsalesTestAppUITests-frameworks.sh\"\n";
			showEnvVarsInLog = 0;
		};
/* End PBXShellScriptBuildPhase section */

/* Begin PBXSourcesBuildPhase section */
		1137E5091E4EEB8500DEFE4F /* Sources */ = {
			isa = PBXSourcesBuildPhase;
			buildActionMask = 2147483647;
			files = (
				1181669E1F04D4250079E589 /* EsignRecipient+CoreDataProperties.swift in Sources */,
				117017DE1E66B60F003D09D0 /* Address+CoreDataClass.swift in Sources */,
				1137E5131E4EEB8500DEFE4F /* ViewController.swift in Sources */,
				117017E21E66B60F003D09D0 /* User+CoreDataClass.swift in Sources */,
				1118E4B91E64A30100092828 /* Upsales.xcdatamodeld in Sources */,
				114282811E65A98F000A2FFF /* FilterViewController.swift in Sources */,
				117017E01E66B60F003D09D0 /* Client+CoreDataClass.swift in Sources */,
				1181669B1F04D4250079E589 /* EsignRecipient+CoreDataClass.swift in Sources */,
				1118E4AC1E64941E00092828 /* UpsalesAPI.swift in Sources */,
				1118E4B41E649E9900092828 /* AccountsViewController.swift in Sources */,
				117017E11E66B60F003D09D0 /* Client+CoreDataProperties.swift in Sources */,
				1137E5111E4EEB8500DEFE4F /* AppDelegate.swift in Sources */,
				11B699E61F03F31E00C60748 /* Esign+CoreDataProperties.swift in Sources */,
				117017E31E66B60F003D09D0 /* User+CoreDataProperties.swift in Sources */,
				1118E4B01E649DE100092828 /* AccountLocationViewController.swift in Sources */,
				11B699E31F03F31E00C60748 /* Esign+CoreDataClass.swift in Sources */,
				118166961F04C36B0079E589 /* EsignDetailsViewController.swift in Sources */,
				117017DF1E66B60F003D09D0 /* Address+CoreDataProperties.swift in Sources */,
				11B699D81F03EA5600C60748 /* EsignsViewController.swift in Sources */,
			);
			runOnlyForDeploymentPostprocessing = 0;
		};
		1137E51D1E4EEB8500DEFE4F /* Sources */ = {
			isa = PBXSourcesBuildPhase;
			buildActionMask = 2147483647;
			files = (
				1181669C1F04D4250079E589 /* EsignRecipient+CoreDataClass.swift in Sources */,
				117017E41E66BE8B003D09D0 /* Address+CoreDataClass.swift in Sources */,
				117017E51E66BE8B003D09D0 /* Address+CoreDataProperties.swift in Sources */,
				117017E61E66BE8B003D09D0 /* Client+CoreDataClass.swift in Sources */,
				11B699E41F03F31E00C60748 /* Esign+CoreDataClass.swift in Sources */,
				117017E71E66BE8B003D09D0 /* Client+CoreDataProperties.swift in Sources */,
				1181669F1F04D4250079E589 /* EsignRecipient+CoreDataProperties.swift in Sources */,
				117017E81E66BE8B003D09D0 /* User+CoreDataClass.swift in Sources */,
				117017E91E66BE8B003D09D0 /* User+CoreDataProperties.swift in Sources */,
				114282821E65A98F000A2FFF /* FilterViewController.swift in Sources */,
				11B699E71F03F31E00C60748 /* Esign+CoreDataProperties.swift in Sources */,
				1118E4AD1E64941E00092828 /* UpsalesAPI.swift in Sources */,
				1137E5261E4EEB8500DEFE4F /* UpsalesTestAppTests.swift in Sources */,
				1118E4CC1E64F32800092828 /* Upsales.xcdatamodeld in Sources */,
				1118E4B51E649E9900092828 /* AccountsViewController.swift in Sources */,
				1118E4B11E649DE100092828 /* AccountLocationViewController.swift in Sources */,
			);
			runOnlyForDeploymentPostprocessing = 0;
		};
		1137E5281E4EEB8500DEFE4F /* Sources */ = {
			isa = PBXSourcesBuildPhase;
			buildActionMask = 2147483647;
			files = (
				11B699E51F03F31E00C60748 /* Esign+CoreDataClass.swift in Sources */,
				117017EA1E66BE91003D09D0 /* Address+CoreDataClass.swift in Sources */,
				117017EB1E66BE91003D09D0 /* Address+CoreDataProperties.swift in Sources */,
				117017EC1E66BE91003D09D0 /* Client+CoreDataClass.swift in Sources */,
				117017ED1E66BE91003D09D0 /* Client+CoreDataProperties.swift in Sources */,
				117017EE1E66BE91003D09D0 /* User+CoreDataClass.swift in Sources */,
				117017EF1E66BE91003D09D0 /* User+CoreDataProperties.swift in Sources */,
				114282831E65A98F000A2FFF /* FilterViewController.swift in Sources */,
				1118E4AE1E64941E00092828 /* UpsalesAPI.swift in Sources */,
				1137E5311E4EEB8500DEFE4F /* UpsalesTestAppUITests.swift in Sources */,
				1181669D1F04D4250079E589 /* EsignRecipient+CoreDataClass.swift in Sources */,
				11B699E81F03F31E00C60748 /* Esign+CoreDataProperties.swift in Sources */,
				118166A01F04D4250079E589 /* EsignRecipient+CoreDataProperties.swift in Sources */,
				11B699D91F03EA5600C60748 /* EsignsViewController.swift in Sources */,
				118166971F04C36B0079E589 /* EsignDetailsViewController.swift in Sources */,
				1118E4CD1E64F32800092828 /* Upsales.xcdatamodeld in Sources */,
				1118E4B61E649E9900092828 /* AccountsViewController.swift in Sources */,
				1118E4B21E649DE100092828 /* AccountLocationViewController.swift in Sources */,
			);
			runOnlyForDeploymentPostprocessing = 0;
		};
/* End PBXSourcesBuildPhase section */

/* Begin PBXTargetDependency section */
		1137E5231E4EEB8500DEFE4F /* PBXTargetDependency */ = {
			isa = PBXTargetDependency;
			target = 1137E50C1E4EEB8500DEFE4F /* UpsalesTestApp */;
			targetProxy = 1137E5221E4EEB8500DEFE4F /* PBXContainerItemProxy */;
		};
		1137E52E1E4EEB8500DEFE4F /* PBXTargetDependency */ = {
			isa = PBXTargetDependency;
			target = 1137E50C1E4EEB8500DEFE4F /* UpsalesTestApp */;
			targetProxy = 1137E52D1E4EEB8500DEFE4F /* PBXContainerItemProxy */;
		};
/* End PBXTargetDependency section */

/* Begin PBXVariantGroup section */
		1137E5141E4EEB8500DEFE4F /* Main.storyboard */ = {
			isa = PBXVariantGroup;
			children = (
				1137E5151E4EEB8500DEFE4F /* Base */,
			);
			name = Main.storyboard;
			sourceTree = "<group>";
		};
		1137E5191E4EEB8500DEFE4F /* LaunchScreen.storyboard */ = {
			isa = PBXVariantGroup;
			children = (
				1137E51A1E4EEB8500DEFE4F /* Base */,
			);
			name = LaunchScreen.storyboard;
			sourceTree = "<group>";
		};
/* End PBXVariantGroup section */

/* Begin XCBuildConfiguration section */
		1137E5331E4EEB8500DEFE4F /* Debug */ = {
			isa = XCBuildConfiguration;
			buildSettings = {
				ALWAYS_SEARCH_USER_PATHS = NO;
				CLANG_ANALYZER_NONNULL = YES;
				CLANG_CXX_LANGUAGE_STANDARD = "gnu++0x";
				CLANG_CXX_LIBRARY = "libc++";
				CLANG_ENABLE_MODULES = YES;
				CLANG_ENABLE_OBJC_ARC = YES;
				CLANG_WARN_BOOL_CONVERSION = YES;
				CLANG_WARN_CONSTANT_CONVERSION = YES;
				CLANG_WARN_DIRECT_OBJC_ISA_USAGE = YES_ERROR;
				CLANG_WARN_DOCUMENTATION_COMMENTS = YES;
				CLANG_WARN_EMPTY_BODY = YES;
				CLANG_WARN_ENUM_CONVERSION = YES;
				CLANG_WARN_INFINITE_RECURSION = YES;
				CLANG_WARN_INT_CONVERSION = YES;
				CLANG_WARN_OBJC_ROOT_CLASS = YES_ERROR;
				CLANG_WARN_SUSPICIOUS_MOVE = YES;
				CLANG_WARN_UNREACHABLE_CODE = YES;
				CLANG_WARN__DUPLICATE_METHOD_MATCH = YES;
				"CODE_SIGN_IDENTITY[sdk=iphoneos*]" = "iPhone Developer";
				COPY_PHASE_STRIP = NO;
				DEBUG_INFORMATION_FORMAT = dwarf;
				ENABLE_STRICT_OBJC_MSGSEND = YES;
				ENABLE_TESTABILITY = YES;
				GCC_C_LANGUAGE_STANDARD = gnu99;
				GCC_DYNAMIC_NO_PIC = NO;
				GCC_NO_COMMON_BLOCKS = YES;
				GCC_OPTIMIZATION_LEVEL = 0;
				GCC_PREPROCESSOR_DEFINITIONS = (
					"DEBUG=1",
					"$(inherited)",
				);
				GCC_WARN_64_TO_32_BIT_CONVERSION = YES;
				GCC_WARN_ABOUT_RETURN_TYPE = YES_ERROR;
				GCC_WARN_UNDECLARED_SELECTOR = YES;
				GCC_WARN_UNINITIALIZED_AUTOS = YES_AGGRESSIVE;
				GCC_WARN_UNUSED_FUNCTION = YES;
				GCC_WARN_UNUSED_VARIABLE = YES;
				IPHONEOS_DEPLOYMENT_TARGET = 10.2;
				MTL_ENABLE_DEBUG_INFO = YES;
				ONLY_ACTIVE_ARCH = YES;
				SDKROOT = iphoneos;
				SWIFT_ACTIVE_COMPILATION_CONDITIONS = DEBUG;
				SWIFT_OPTIMIZATION_LEVEL = "-Onone";
				TARGETED_DEVICE_FAMILY = "1,2";
			};
			name = Debug;
		};
		1137E5341E4EEB8500DEFE4F /* Release */ = {
			isa = XCBuildConfiguration;
			buildSettings = {
				ALWAYS_SEARCH_USER_PATHS = NO;
				CLANG_ANALYZER_NONNULL = YES;
				CLANG_CXX_LANGUAGE_STANDARD = "gnu++0x";
				CLANG_CXX_LIBRARY = "libc++";
				CLANG_ENABLE_MODULES = YES;
				CLANG_ENABLE_OBJC_ARC = YES;
				CLANG_WARN_BOOL_CONVERSION = YES;
				CLANG_WARN_CONSTANT_CONVERSION = YES;
				CLANG_WARN_DIRECT_OBJC_ISA_USAGE = YES_ERROR;
				CLANG_WARN_DOCUMENTATION_COMMENTS = YES;
				CLANG_WARN_EMPTY_BODY = YES;
				CLANG_WARN_ENUM_CONVERSION = YES;
				CLANG_WARN_INFINITE_RECURSION = YES;
				CLANG_WARN_INT_CONVERSION = YES;
				CLANG_WARN_OBJC_ROOT_CLASS = YES_ERROR;
				CLANG_WARN_SUSPICIOUS_MOVE = YES;
				CLANG_WARN_UNREACHABLE_CODE = YES;
				CLANG_WARN__DUPLICATE_METHOD_MATCH = YES;
				"CODE_SIGN_IDENTITY[sdk=iphoneos*]" = "iPhone Developer";
				COPY_PHASE_STRIP = NO;
				DEBUG_INFORMATION_FORMAT = "dwarf-with-dsym";
				ENABLE_NS_ASSERTIONS = NO;
				ENABLE_STRICT_OBJC_MSGSEND = YES;
				GCC_C_LANGUAGE_STANDARD = gnu99;
				GCC_NO_COMMON_BLOCKS = YES;
				GCC_WARN_64_TO_32_BIT_CONVERSION = YES;
				GCC_WARN_ABOUT_RETURN_TYPE = YES_ERROR;
				GCC_WARN_UNDECLARED_SELECTOR = YES;
				GCC_WARN_UNINITIALIZED_AUTOS = YES_AGGRESSIVE;
				GCC_WARN_UNUSED_FUNCTION = YES;
				GCC_WARN_UNUSED_VARIABLE = YES;
				IPHONEOS_DEPLOYMENT_TARGET = 10.2;
				MTL_ENABLE_DEBUG_INFO = NO;
				SDKROOT = iphoneos;
				SWIFT_OPTIMIZATION_LEVEL = "-Owholemodule";
				TARGETED_DEVICE_FAMILY = "1,2";
				VALIDATE_PRODUCT = YES;
			};
			name = Release;
		};
		1137E5361E4EEB8500DEFE4F /* Debug */ = {
			isa = XCBuildConfiguration;
			baseConfigurationReference = 0A87CF2D2605D9DB3FEA2DC4 /* Pods-UpsalesTestApp.debug.xcconfig */;
			buildSettings = {
				ASSETCATALOG_COMPILER_APPICON_NAME = AppIcon;
				CLANG_ENABLE_MODULES = YES;
				INFOPLIST_FILE = UpsalesTestApp/Info.plist;
				LD_RUNPATH_SEARCH_PATHS = "$(inherited) @executable_path/Frameworks";
				PRODUCT_BUNDLE_IDENTIFIER = com.jovitoroyeca.UpsalesTestApp;
				PRODUCT_NAME = "$(TARGET_NAME)";
				SWIFT_OBJC_BRIDGING_HEADER = "UpsalesTestApp/UpsalesTestApp-Bridging-Header.h";
				SWIFT_OPTIMIZATION_LEVEL = "-Onone";
				SWIFT_VERSION = 3.0;
			};
			name = Debug;
		};
		1137E5371E4EEB8500DEFE4F /* Release */ = {
			isa = XCBuildConfiguration;
			baseConfigurationReference = 39A85006BC88EE2E14571145 /* Pods-UpsalesTestApp.release.xcconfig */;
			buildSettings = {
				ASSETCATALOG_COMPILER_APPICON_NAME = AppIcon;
				CLANG_ENABLE_MODULES = YES;
				INFOPLIST_FILE = UpsalesTestApp/Info.plist;
				LD_RUNPATH_SEARCH_PATHS = "$(inherited) @executable_path/Frameworks";
				PRODUCT_BUNDLE_IDENTIFIER = com.jovitoroyeca.UpsalesTestApp;
				PRODUCT_NAME = "$(TARGET_NAME)";
				SWIFT_OBJC_BRIDGING_HEADER = "UpsalesTestApp/UpsalesTestApp-Bridging-Header.h";
				SWIFT_VERSION = 3.0;
			};
			name = Release;
		};
		1137E5391E4EEB8500DEFE4F /* Debug */ = {
			isa = XCBuildConfiguration;
			baseConfigurationReference = 47F9A1FF930875247887C4E9 /* Pods-UpsalesTestAppTests.debug.xcconfig */;
			buildSettings = {
				ALWAYS_EMBED_SWIFT_STANDARD_LIBRARIES = YES;
				BUNDLE_LOADER = "$(TEST_HOST)";
				CLANG_ENABLE_MODULES = YES;
				INFOPLIST_FILE = UpsalesTestAppTests/Info.plist;
				LD_RUNPATH_SEARCH_PATHS = "$(inherited) @executable_path/Frameworks @loader_path/Frameworks";
				PRODUCT_BUNDLE_IDENTIFIER = com.jovitoroyeca.UpsalesTestAppTests;
				PRODUCT_NAME = "$(TARGET_NAME)";
				SWIFT_OBJC_BRIDGING_HEADER = "UpsalesTestApp/UpsalesTestAppTests-Bridging-Header.h";
				SWIFT_OPTIMIZATION_LEVEL = "-Onone";
				SWIFT_VERSION = 3.0;
				TEST_HOST = "$(BUILT_PRODUCTS_DIR)/UpsalesTestApp.app/UpsalesTestApp";
			};
			name = Debug;
		};
		1137E53A1E4EEB8500DEFE4F /* Release */ = {
			isa = XCBuildConfiguration;
			baseConfigurationReference = EA50F3A37E605BC34359EA2A /* Pods-UpsalesTestAppTests.release.xcconfig */;
			buildSettings = {
				ALWAYS_EMBED_SWIFT_STANDARD_LIBRARIES = YES;
				BUNDLE_LOADER = "$(TEST_HOST)";
				CLANG_ENABLE_MODULES = YES;
				INFOPLIST_FILE = UpsalesTestAppTests/Info.plist;
				LD_RUNPATH_SEARCH_PATHS = "$(inherited) @executable_path/Frameworks @loader_path/Frameworks";
				PRODUCT_BUNDLE_IDENTIFIER = com.jovitoroyeca.UpsalesTestAppTests;
				PRODUCT_NAME = "$(TARGET_NAME)";
				SWIFT_OBJC_BRIDGING_HEADER = "UpsalesTestApp/UpsalesTestAppTests-Bridging-Header.h";
				SWIFT_VERSION = 3.0;
				TEST_HOST = "$(BUILT_PRODUCTS_DIR)/UpsalesTestApp.app/UpsalesTestApp";
			};
			name = Release;
		};
		1137E53C1E4EEB8500DEFE4F /* Debug */ = {
			isa = XCBuildConfiguration;
			baseConfigurationReference = 86CE01977A8BB493C7FE637B /* Pods-UpsalesTestAppUITests.debug.xcconfig */;
			buildSettings = {
				ALWAYS_EMBED_SWIFT_STANDARD_LIBRARIES = YES;
				CLANG_ENABLE_MODULES = YES;
				INFOPLIST_FILE = UpsalesTestAppUITests/Info.plist;
				LD_RUNPATH_SEARCH_PATHS = "$(inherited) @executable_path/Frameworks @loader_path/Frameworks";
				PRODUCT_BUNDLE_IDENTIFIER = com.jovitoroyeca.UpsalesTestAppUITests;
				PRODUCT_NAME = "$(TARGET_NAME)";
				SWIFT_OBJC_BRIDGING_HEADER = "UpsalesTestApp/UpsalesTestAppUITests-Bridging-Header.h";
				SWIFT_OPTIMIZATION_LEVEL = "-Onone";
				SWIFT_VERSION = 3.0;
				TEST_TARGET_NAME = UpsalesTestApp;
			};
			name = Debug;
		};
		1137E53D1E4EEB8500DEFE4F /* Release */ = {
			isa = XCBuildConfiguration;
			baseConfigurationReference = 2DD70A3E8564D1DEE0AFA546 /* Pods-UpsalesTestAppUITests.release.xcconfig */;
			buildSettings = {
				ALWAYS_EMBED_SWIFT_STANDARD_LIBRARIES = YES;
				CLANG_ENABLE_MODULES = YES;
				INFOPLIST_FILE = UpsalesTestAppUITests/Info.plist;
				LD_RUNPATH_SEARCH_PATHS = "$(inherited) @executable_path/Frameworks @loader_path/Frameworks";
				PRODUCT_BUNDLE_IDENTIFIER = com.jovitoroyeca.UpsalesTestAppUITests;
				PRODUCT_NAME = "$(TARGET_NAME)";
				SWIFT_OBJC_BRIDGING_HEADER = "UpsalesTestApp/UpsalesTestAppUITests-Bridging-Header.h";
				SWIFT_VERSION = 3.0;
				TEST_TARGET_NAME = UpsalesTestApp;
			};
			name = Release;
		};
/* End XCBuildConfiguration section */

/* Begin XCConfigurationList section */
		1137E5081E4EEB8500DEFE4F /* Build configuration list for PBXProject "UpsalesTestApp" */ = {
			isa = XCConfigurationList;
			buildConfigurations = (
				1137E5331E4EEB8500DEFE4F /* Debug */,
				1137E5341E4EEB8500DEFE4F /* Release */,
			);
			defaultConfigurationIsVisible = 0;
			defaultConfigurationName = Release;
		};
		1137E5351E4EEB8500DEFE4F /* Build configuration list for PBXNativeTarget "UpsalesTestApp" */ = {
			isa = XCConfigurationList;
			buildConfigurations = (
				1137E5361E4EEB8500DEFE4F /* Debug */,
				1137E5371E4EEB8500DEFE4F /* Release */,
			);
			defaultConfigurationIsVisible = 0;
			defaultConfigurationName = Release;
		};
		1137E5381E4EEB8500DEFE4F /* Build configuration list for PBXNativeTarget "UpsalesTestAppTests" */ = {
			isa = XCConfigurationList;
			buildConfigurations = (
				1137E5391E4EEB8500DEFE4F /* Debug */,
				1137E53A1E4EEB8500DEFE4F /* Release */,
			);
			defaultConfigurationIsVisible = 0;
			defaultConfigurationName = Release;
		};
		1137E53B1E4EEB8500DEFE4F /* Build configuration list for PBXNativeTarget "UpsalesTestAppUITests" */ = {
			isa = XCConfigurationList;
			buildConfigurations = (
				1137E53C1E4EEB8500DEFE4F /* Debug */,
				1137E53D1E4EEB8500DEFE4F /* Release */,
			);
			defaultConfigurationIsVisible = 0;
			defaultConfigurationName = Release;
		};
/* End XCConfigurationList section */

/* Begin XCVersionGroup section */
		1118E4B71E64A30100092828 /* Upsales.xcdatamodeld */ = {
			isa = XCVersionGroup;
			children = (
				118166981F04D2410079E589 /* Upsales Jun-29-2017.xcdatamodel */,
				11B699DA1F03EE2400C60748 /* Upsales Jun-28-2017.xcdatamodel */,
				11A50E301E665CD70087A50A /* Upsales Mar-01-2017.xcdatamodel */,
				114282841E65BBB5000A2FFF /* Upsales Feb-28-2017.xcdatamodel */,
				1118E4B81E64A30100092828 /* Upsales.xcdatamodel */,
			);
			currentVersion = 118166981F04D2410079E589 /* Upsales Jun-29-2017.xcdatamodel */;
			path = Upsales.xcdatamodeld;
			sourceTree = "<group>";
			versionGroupType = wrapper.xcdatamodel;
		};
/* End XCVersionGroup section */
	};
	rootObject = 1137E5051E4EEB8500DEFE4F /* Project object */;
}
